<?xml version="1.0"?>
<CONFIG>
  <ProjectOptions>
    <Version Value="9"/>
    <General>
      <Flags>
        <MainUnitHasCreateFormStatements Value="False"/>
      </Flags>
      <MainUnit Value="0"/>
      <Title Value="Pocket WiFi Monitor"/>
      <UseXPManifest Value="True"/>
      <XPManifest>
        <DpiAware Value="True"/>
      </XPManifest>
      <Icon Value="0"/>
      <ActiveWindowIndexAtStart Value="0"/>
    </General>
    <BuildModes Count="2">
      <Item1 Name="default" Default="True"/>
      <Item2 Name="Release">
        <CompilerOptions>
          <Version Value="11"/>
          <Target>
            <Filename Value="PocketWifiMonitor"/>
          </Target>
          <SearchPaths>
            <IncludeFiles Value="$(ProjOutDir)"/>
            <OtherUnitFiles Value="../Synapse/source/lib;C:/lazarus/lcl/interfaces/win32/"/>
            <UnitOutputDirectory Value="lib/$(TargetCPU)-$(TargetOS)"/>
          </SearchPaths>
          <Parsing>
            <SyntaxOptions>
              <UseAnsiStrings Value="False"/>
            </SyntaxOptions>
          </Parsing>
          <CodeGeneration>
            <Optimizations>
              <OptimizationLevel Value="2"/>
            </Optimizations>
          </CodeGeneration>
          <Linking>
            <LinkSmart Value="True"/>
            <Options>
              <Win32>
                <GraphicApplication Value="True"/>
              </Win32>
            </Options>
          </Linking>
          <Other>
            <Verbosity>
              <ShowCond Value="True"/>
            </Verbosity>
            <CompilerMessages>
              <UseMsgFile Value="True"/>
            </CompilerMessages>
            <CustomOptions Value="{$DEFINE LANG_EN}"/>
            <CompilerPath Value="$(CompPath)"/>
          </Other>
        </CompilerOptions>
      </Item2>
    </BuildModes>
    <PublishOptions>
      <Version Value="2"/>
      <IncludeFileFilter Value="*.(pas|pp|inc|lfm|lpr|lrs|lpi|lpk|sh|xml)"/>
      <ExcludeFileFilter Value="*.(bak|ppu|o|so);*~;backup"/>
    </PublishOptions>
    <RunParams>
      <local>
        <FormatVersion Value="1"/>
        <LaunchingApplication PathPlusParams="/usr/X11R6/bin/xterm -T 'Lazarus Run Output' -e $(LazarusDir)/tools/runwait.sh $(TargetCmdLine)"/>
      </local>
    </RunParams>
    <RequiredPackages Count="3">
      <Item1>
        <PackageName Value="LCLBase"/>
        <MinVersion Major="1" Release="1" Valid="True"/>
      </Item1>
      <Item2>
        <PackageName Value="TAChartLazarusPkg"/>
        <MinVersion Major="1" Valid="True"/>
      </Item2>
      <Item3>
        <PackageName Value="LCL"/>
      </Item3>
    </RequiredPackages>
    <Units Count="72">
      <Unit0>
        <Filename Value="PocketWifiMonitor.lpr"/>
        <IsPartOfProject Value="True"/>
        <UnitName Value="PocketWifiMonitor"/>
        <WindowIndex Value="0"/>
        <TopLine Value="26"/>
        <CursorPos X="33" Y="44"/>
        <UsageCount Value="307"/>
      </Unit0>
      <Unit1>
        <Filename Value="frmmainunit.pas"/>
        <IsPartOfProject Value="True"/>
        <ComponentName Value="frmPocketWifiMon"/>
        <HasResources Value="True"/>
        <ResourceBaseClass Value="Form"/>
        <UnitName Value="FrmMainUnit"/>
        <WindowIndex Value="0"/>
        <TopLine Value="215"/>
        <CursorPos X="1" Y="225"/>
        <UsageCount Value="307"/>
      </Unit1>
      <Unit2>
        <Filename Value="pwmlib2.pas"/>
        <IsPartOfProject Value="True"/>
        <UnitName Value="PWMLib2"/>
        <IsVisibleTab Value="True"/>
        <EditorIndex Value="1"/>
        <WindowIndex Value="0"/>
        <TopLine Value="32"/>
        <CursorPos X="45" Y="50"/>
        <UsageCount Value="307"/>
        <Loaded Value="True"/>
      </Unit2>
      <Unit3>
        <Filename Value="../Synapse/source/lib/httpsend.pas"/>
        <UnitName Value="httpsend"/>
        <WindowIndex Value="0"/>
        <TopLine Value="729"/>
        <CursorPos X="1" Y="751"/>
        <UsageCount Value="161"/>
      </Unit3>
      <Unit4>
        <Filename Value="conn_Sample.txt"/>
        <IsPartOfProject Value="True"/>
        <WindowIndex Value="0"/>
        <TopLine Value="1"/>
        <CursorPos X="8" Y="1"/>
        <UsageCount Value="307"/>
        <DefaultSyntaxHighlighter Value="None"/>
      </Unit4>
      <Unit5>
        <Filename Value="emconst.pas"/>
        <IsPartOfProject Value="True"/>
        <UnitName Value="EMConst"/>
        <EditorIndex Value="0"/>
        <WindowIndex Value="0"/>
        <TopLine Value="152"/>
        <CursorPos X="30" Y="164"/>
        <UsageCount Value="307"/>
        <Loaded Value="True"/>
      </Unit5>
      <Unit6>
        <Filename Value="frmaboutunit.pas"/>
        <IsPartOfProject Value="True"/>
        <ComponentName Value="frmAbout"/>
        <ResourceBaseClass Value="Form"/>
        <UnitName Value="frmAboutUnit"/>
        <WindowIndex Value="0"/>
        <TopLine Value="28"/>
        <CursorPos X="25" Y="55"/>
        <UsageCount Value="306"/>
      </Unit6>
      <Unit7>
        <Filename Value="dmunit.pas"/>
        <IsPartOfProject Value="True"/>
        <ComponentName Value="DataModule1"/>
        <HasResources Value="True"/>
        <ResourceBaseClass Value="DataModule"/>
        <UnitName Value="dmUnit"/>
        <EditorIndex Value="2"/>
        <WindowIndex Value="0"/>
        <TopLine Value="501"/>
        <CursorPos X="1" Y="513"/>
        <UsageCount Value="302"/>
        <Loaded Value="True"/>
      </Unit7>
      <Unit8>
        <Filename Value="pwfmonglobals.pas"/>
        <IsPartOfProject Value="True"/>
        <UnitName Value="PWFMonGlobals"/>
        <WindowIndex Value="0"/>
        <TopLine Value="84"/>
        <CursorPos X="51" Y="93"/>
        <UsageCount Value="278"/>
      </Unit8>
      <Unit9>
        <Filename Value="gp01-indexf-tample.txt"/>
        <IsPartOfProject Value="True"/>
        <WindowIndex Value="0"/>
        <TopLine Value="32"/>
        <CursorPos X="1" Y="843"/>
        <UsageCount Value="275"/>
        <DefaultSyntaxHighlighter Value="None"/>
      </Unit9>
      <Unit10>
        <Filename Value="/lazarus/lcl/interfaces/win32/interfaces.pp"/>
        <IsPartOfProject Value="True"/>
        <UnitName Value="interfaces"/>
        <UsageCount Value="268"/>
      </Unit10>
      <Unit11>
        <Filename Value="status_cgi_sample.txt"/>
        <IsPartOfProject Value="True"/>
        <WindowIndex Value="0"/>
        <TopLine Value="1"/>
        <CursorPos X="6" Y="1"/>
        <UsageCount Value="258"/>
        <DefaultSyntaxHighlighter Value="None"/>
      </Unit11>
      <Unit12>
        <Filename Value="webvar.pas"/>
        <UnitName Value="WebVar"/>
        <EditorIndex Value="4"/>
        <WindowIndex Value="0"/>
        <TopLine Value="53"/>
        <CursorPos X="1" Y="62"/>
        <UsageCount Value="100"/>
        <Loaded Value="True"/>
      </Unit12>
      <Unit13>
        <Filename Value="bwchart_unit.pas"/>
        <IsPartOfProject Value="True"/>
        <ComponentName Value="FrmBWChart"/>
        <ResourceBaseClass Value="Form"/>
        <UnitName Value="bwchart_unit"/>
        <WindowIndex Value="0"/>
        <TopLine Value="25"/>
        <CursorPos X="32" Y="38"/>
        <UsageCount Value="216"/>
      </Unit13>
      <Unit14>
        <Filename Value="sigchart_unit.pas"/>
        <IsPartOfProject Value="True"/>
        <ComponentName Value="frmUTMSChart"/>
        <ResourceBaseClass Value="Form"/>
        <UnitName Value="sigchart_unit"/>
        <WindowIndex Value="0"/>
        <TopLine Value="59"/>
        <CursorPos X="71" Y="66"/>
        <UsageCount Value="207"/>
      </Unit14>
      <Unit15>
        <Filename Value="sigchart_unit.lfm"/>
        <WindowIndex Value="0"/>
        <TopLine Value="63"/>
        <CursorPos X="73" Y="63"/>
        <UsageCount Value="6"/>
        <DefaultSyntaxHighlighter Value="LFM"/>
      </Unit15>
      <Unit16>
        <Filename Value="gp02_api_monitoring.txt"/>
        <IsPartOfProject Value="True"/>
        <WindowIndex Value="0"/>
        <TopLine Value="1"/>
        <CursorPos X="70" Y="7"/>
        <UsageCount Value="444"/>
        <DefaultSyntaxHighlighter Value="None"/>
      </Unit16>
      <Unit17>
        <Filename Value="GP02_api_net__current_plmn.txt"/>
        <IsPartOfProject Value="True"/>
        <WindowIndex Value="0"/>
        <TopLine Value="1"/>
        <CursorPos X="6" Y="1"/>
        <UsageCount Value="443"/>
        <DefaultSyntaxHighlighter Value="None"/>
      </Unit17>
      <Unit18>
        <Filename Value="frmprefsunit.pas"/>
        <IsPartOfProject Value="True"/>
        <ComponentName Value="frmPreferences"/>
        <ResourceBaseClass Value="Form"/>
        <UnitName Value="frmPrefsUnit"/>
        <WindowIndex Value="0"/>
        <TopLine Value="34"/>
        <CursorPos X="42" Y="53"/>
        <UsageCount Value="339"/>
      </Unit18>
      <Unit19>
        <Filename Value="Synapse/httpsend.pas"/>
        <UnitName Value="httpsend"/>
        <WindowIndex Value="0"/>
        <TopLine Value="1"/>
        <CursorPos X="1" Y="1"/>
        <UsageCount Value="11"/>
      </Unit19>
      <Unit20>
        <Filename Value="Sample HTML/gp02r2_api_monitoring.txt"/>
        <IsPartOfProject Value="True"/>
        <WindowIndex Value="0"/>
        <TopLine Value="1"/>
        <CursorPos X="27" Y="2"/>
        <UsageCount Value="518"/>
        <DefaultSyntaxHighlighter Value="None"/>
      </Unit20>
      <Unit21>
        <Filename Value="frmaboutunit.lfm"/>
        <ComponentName Value="frmAbout"/>
        <HasResources Value="True"/>
        <ResourceBaseClass Value="Form"/>
        <WindowIndex Value="0"/>
        <TopLine Value="1"/>
        <CursorPos X="1" Y="1"/>
        <UsageCount Value="163"/>
        <DefaultSyntaxHighlighter Value="LFM"/>
      </Unit21>
      <Unit22>
        <Filename Value="Sample HTML/GP02_api_wlan_hostlist.txt"/>
        <IsPartOfProject Value="True"/>
        <WindowIndex Value="0"/>
        <TopLine Value="1"/>
        <CursorPos X="38" Y="1"/>
        <UsageCount Value="517"/>
        <DefaultSyntaxHighlighter Value="None"/>
      </Unit22>
      <Unit23>
        <Filename Value="frmmainunit.lfm"/>
        <HasResources Value="True"/>
        <ResourceBaseClass Value="Form"/>
        <WindowIndex Value="0"/>
        <TopLine Value="1"/>
        <CursorPos X="1" Y="1"/>
        <UsageCount Value="162"/>
        <DefaultSyntaxHighlighter Value="LFM"/>
      </Unit23>
      <Unit24>
        <Filename Value="D:/Dropbox/Develop.localized/Synapse/source/lib/asn1util.pas"/>
        <IsPartOfProject Value="True"/>
        <UnitName Value="asn1util"/>
        <UsageCount Value="513"/>
      </Unit24>
      <Unit25>
        <Filename Value="D:/Dropbox/Develop.localized/Synapse/source/lib/blcksock.pas"/>
        <IsPartOfProject Value="True"/>
        <UnitName Value="blcksock"/>
        <UsageCount Value="513"/>
      </Unit25>
      <Unit26>
        <Filename Value="D:/Dropbox/Develop.localized/Synapse/source/lib/clamsend.pas"/>
        <IsPartOfProject Value="True"/>
        <UnitName Value="clamsend"/>
        <UsageCount Value="513"/>
      </Unit26>
      <Unit27>
        <Filename Value="D:/Dropbox/Develop.localized/Synapse/source/lib/dnssend.pas"/>
        <IsPartOfProject Value="True"/>
        <UnitName Value="dnssend"/>
        <UsageCount Value="513"/>
      </Unit27>
      <Unit28>
        <Filename Value="D:/Dropbox/Develop.localized/Synapse/source/lib/ftpsend.pas"/>
        <IsPartOfProject Value="True"/>
        <UnitName Value="ftpsend"/>
        <UsageCount Value="513"/>
      </Unit28>
      <Unit29>
        <Filename Value="D:/Dropbox/Develop.localized/Synapse/source/lib/ftptsend.pas"/>
        <IsPartOfProject Value="True"/>
        <UnitName Value="ftptsend"/>
        <UsageCount Value="513"/>
      </Unit29>
      <Unit30>
        <Filename Value="D:/Dropbox/Develop.localized/Synapse/source/lib/httpsend.pas"/>
        <IsPartOfProject Value="True"/>
        <UnitName Value="httpsend"/>
        <UsageCount Value="513"/>
      </Unit30>
      <Unit31>
        <Filename Value="D:/Dropbox/Develop.localized/Synapse/source/lib/imapsend.pas"/>
        <IsPartOfProject Value="True"/>
        <UnitName Value="imapsend"/>
        <UsageCount Value="513"/>
      </Unit31>
      <Unit32>
        <Filename Value="D:/Dropbox/Develop.localized/Synapse/source/lib/ldapsend.pas"/>
        <IsPartOfProject Value="True"/>
        <UnitName Value="ldapsend"/>
        <UsageCount Value="513"/>
      </Unit32>
      <Unit33>
        <Filename Value="D:/Dropbox/Develop.localized/Synapse/source/lib/mimeinln.pas"/>
        <IsPartOfProject Value="True"/>
        <UnitName Value="mimeinln"/>
        <UsageCount Value="513"/>
      </Unit33>
      <Unit34>
        <Filename Value="D:/Dropbox/Develop.localized/Synapse/source/lib/mimemess.pas"/>
        <IsPartOfProject Value="True"/>
        <UnitName Value="mimemess"/>
        <UsageCount Value="513"/>
      </Unit34>
      <Unit35>
        <Filename Value="D:/Dropbox/Develop.localized/Synapse/source/lib/mimepart.pas"/>
        <IsPartOfProject Value="True"/>
        <UnitName Value="mimepart"/>
        <UsageCount Value="513"/>
      </Unit35>
      <Unit36>
        <Filename Value="D:/Dropbox/Develop.localized/Synapse/source/lib/nntpsend.pas"/>
        <IsPartOfProject Value="True"/>
        <UnitName Value="nntpsend"/>
        <UsageCount Value="513"/>
      </Unit36>
      <Unit37>
        <Filename Value="D:/Dropbox/Develop.localized/Synapse/source/lib/pingsend.pas"/>
        <IsPartOfProject Value="True"/>
        <UnitName Value="pingsend"/>
        <UsageCount Value="513"/>
      </Unit37>
      <Unit38>
        <Filename Value="D:/Dropbox/Develop.localized/Synapse/source/lib/pop3send.pas"/>
        <IsPartOfProject Value="True"/>
        <UnitName Value="pop3send"/>
        <UsageCount Value="513"/>
      </Unit38>
      <Unit39>
        <Filename Value="D:/Dropbox/Develop.localized/Synapse/source/lib/slogsend.pas"/>
        <IsPartOfProject Value="True"/>
        <UnitName Value="slogsend"/>
        <UsageCount Value="513"/>
      </Unit39>
      <Unit40>
        <Filename Value="D:/Dropbox/Develop.localized/Synapse/source/lib/smtpsend.pas"/>
        <IsPartOfProject Value="True"/>
        <UnitName Value="smtpsend"/>
        <UsageCount Value="513"/>
      </Unit40>
      <Unit41>
        <Filename Value="D:/Dropbox/Develop.localized/Synapse/source/lib/snmpsend.pas"/>
        <IsPartOfProject Value="True"/>
        <UnitName Value="snmpsend"/>
        <UsageCount Value="513"/>
      </Unit41>
      <Unit42>
        <Filename Value="D:/Dropbox/Develop.localized/Synapse/source/lib/sntpsend.pas"/>
        <IsPartOfProject Value="True"/>
        <UnitName Value="sntpsend"/>
        <UsageCount Value="513"/>
      </Unit42>
      <Unit43>
        <Filename Value="D:/Dropbox/Develop.localized/Synapse/source/lib/synachar.pas"/>
        <IsPartOfProject Value="True"/>
        <UnitName Value="synachar"/>
        <UsageCount Value="513"/>
      </Unit43>
      <Unit44>
        <Filename Value="D:/Dropbox/Develop.localized/Synapse/source/lib/synacode.pas"/>
        <IsPartOfProject Value="True"/>
        <UnitName Value="synacode"/>
        <UsageCount Value="513"/>
      </Unit44>
      <Unit45>
        <Filename Value="D:/Dropbox/Develop.localized/Synapse/source/lib/synacrypt.pas"/>
        <IsPartOfProject Value="True"/>
        <UnitName Value="synacrypt"/>
        <UsageCount Value="513"/>
      </Unit45>
      <Unit46>
        <Filename Value="D:/Dropbox/Develop.localized/Synapse/source/lib/synadbg.pas"/>
        <IsPartOfProject Value="True"/>
        <UnitName Value="synadbg"/>
        <UsageCount Value="513"/>
      </Unit46>
      <Unit47>
        <Filename Value="D:/Dropbox/Develop.localized/Synapse/source/lib/synafpc.pas"/>
        <IsPartOfProject Value="True"/>
        <UnitName Value="synafpc"/>
        <UsageCount Value="513"/>
      </Unit47>
      <Unit48>
        <Filename Value="D:/Dropbox/Develop.localized/Synapse/source/lib/synaicnv.pas"/>
        <IsPartOfProject Value="True"/>
        <UnitName Value="synaicnv"/>
        <UsageCount Value="513"/>
      </Unit48>
      <Unit49>
        <Filename Value="D:/Dropbox/Develop.localized/Synapse/source/lib/synaip.pas"/>
        <IsPartOfProject Value="True"/>
        <UnitName Value="synaip"/>
        <UsageCount Value="513"/>
      </Unit49>
      <Unit50>
        <Filename Value="D:/Dropbox/Develop.localized/Synapse/source/lib/synamisc.pas"/>
        <IsPartOfProject Value="True"/>
        <UnitName Value="synamisc"/>
        <UsageCount Value="513"/>
      </Unit50>
      <Unit51>
        <Filename Value="D:/Dropbox/Develop.localized/Synapse/source/lib/synaser.pas"/>
        <IsPartOfProject Value="True"/>
        <UnitName Value="synaser"/>
        <UsageCount Value="513"/>
      </Unit51>
      <Unit52>
        <Filename Value="D:/Dropbox/Develop.localized/Synapse/source/lib/synautil.pas"/>
        <IsPartOfProject Value="True"/>
        <UnitName Value="synautil"/>
        <UsageCount Value="513"/>
      </Unit52>
      <Unit53>
        <Filename Value="D:/Dropbox/Develop.localized/Synapse/source/lib/synsock.pas"/>
        <IsPartOfProject Value="True"/>
        <UnitName Value="synsock"/>
        <UsageCount Value="513"/>
      </Unit53>
      <Unit54>
        <Filename Value="D:/Dropbox/Develop.localized/Synapse/source/lib/tlntsend.pas"/>
        <IsPartOfProject Value="True"/>
        <UnitName Value="tlntsend"/>
        <UsageCount Value="513"/>
      </Unit54>
      <Unit55>
        <Filename Value="Sample HTML/GP01_api_device_information.txt"/>
        <IsPartOfProject Value="True"/>
        <WindowIndex Value="0"/>
        <TopLine Value="1"/>
        <CursorPos X="26" Y="4"/>
        <UsageCount Value="504"/>
        <DefaultSyntaxHighlighter Value="None"/>
      </Unit55>
      <Unit56>
        <Filename Value="Sample HTML/GL01P_api_monitoring_status.txt"/>
        <IsPartOfProject Value="True"/>
        <WindowIndex Value="0"/>
        <TopLine Value="1"/>
        <CursorPos X="1" Y="1"/>
        <UsageCount Value="502"/>
        <DefaultSyntaxHighlighter Value="None"/>
      </Unit56>
      <Unit57>
        <Filename Value="Sample HTML/GL01P_app_device_information.txt"/>
        <IsPartOfProject Value="True"/>
        <WindowIndex Value="0"/>
        <TopLine Value="1"/>
        <CursorPos X="7" Y="1"/>
        <UsageCount Value="502"/>
        <DefaultSyntaxHighlighter Value="None"/>
      </Unit57>
      <Unit58>
        <Filename Value="inetcheck.pas"/>
        <IsPartOfProject Value="True"/>
        <UnitName Value="inetcheck"/>
        <WindowIndex Value="0"/>
        <TopLine Value="90"/>
        <CursorPos X="70" Y="103"/>
        <UsageCount Value="283"/>
      </Unit58>
      <Unit59>
        <Filename Value="/lazarus/lcl/include/menu.inc"/>
        <WindowIndex Value="0"/>
        <TopLine Value="187"/>
        <CursorPos X="1" Y="199"/>
        <UsageCount Value="105"/>
      </Unit59>
      <Unit60>
        <Filename Value="Sample HTML/GL01Pr2_api_monitoring_status.txt"/>
        <IsPartOfProject Value="True"/>
        <WindowIndex Value="0"/>
        <TopLine Value="1"/>
        <CursorPos X="29" Y="1"/>
        <UsageCount Value="260"/>
        <DefaultSyntaxHighlighter Value="None"/>
      </Unit60>
      <Unit61>
        <Filename Value="Sample HTML/GL01Pr2_api_wlan_host-list.txt"/>
        <IsPartOfProject Value="True"/>
        <WindowIndex Value="0"/>
        <TopLine Value="9"/>
        <CursorPos X="45" Y="17"/>
        <UsageCount Value="260"/>
        <DefaultSyntaxHighlighter Value="None"/>
      </Unit61>
      <Unit62>
        <Filename Value="wificlients.pas"/>
        <IsPartOfProject Value="True"/>
        <UnitName Value="WiFiClients"/>
        <WindowIndex Value="0"/>
        <TopLine Value="79"/>
        <CursorPos X="11" Y="95"/>
        <UsageCount Value="252"/>
      </Unit62>
      <Unit63>
        <Filename Value="/lazarus/lcl/comctrls.pp"/>
        <UnitName Value="ComCtrls"/>
        <WindowIndex Value="0"/>
        <TopLine Value="881"/>
        <CursorPos X="4" Y="893"/>
        <UsageCount Value="119"/>
      </Unit63>
      <Unit64>
        <Filename Value="genericstructlist.pas"/>
        <UnitName Value="GenericStructList"/>
        <WindowIndex Value="0"/>
        <TopLine Value="97"/>
        <CursorPos X="27" Y="107"/>
        <UsageCount Value="124"/>
      </Unit64>
      <Unit65>
        <Filename Value="/lazarus/lcl/include/containedaction.inc"/>
        <WindowIndex Value="0"/>
        <TopLine Value="94"/>
        <CursorPos X="1" Y="101"/>
        <UsageCount Value="116"/>
      </Unit65>
      <Unit66>
        <Filename Value="/lazarus/lcl/include/customaction.inc"/>
        <WindowIndex Value="0"/>
        <TopLine Value="240"/>
        <CursorPos X="1" Y="252"/>
        <UsageCount Value="116"/>
      </Unit66>
      <Unit67>
        <Filename Value="/lazarus/components/tachart/tachartaxis.pas"/>
        <UnitName Value="TAChartAxis"/>
        <WindowIndex Value="0"/>
        <TopLine Value="1"/>
        <CursorPos X="27" Y="1"/>
        <UsageCount Value="112"/>
      </Unit67>
      <Unit68>
        <Filename Value="objrouter.pas"/>
        <IsPartOfProject Value="True"/>
        <UnitName Value="objrouter"/>
        <WindowIndex Value="0"/>
        <TopLine Value="29"/>
        <CursorPos X="36" Y="39"/>
        <UsageCount Value="324"/>
      </Unit68>
      <Unit69>
        <Filename Value="pwfm.ini"/>
        <TopLine Value="1"/>
        <CursorPos X="1" Y="1"/>
        <UsageCount Value="83"/>
        <DefaultSyntaxHighlighter Value="Ini"/>
      </Unit69>
      <Unit70>
        <Filename Value="frmhostinfounit.pas"/>
        <IsPartOfProject Value="True"/>
        <ComponentName Value="frmHostInfo"/>
        <HasResources Value="True"/>
        <ResourceBaseClass Value="Form"/>
        <UnitName Value="frmhostinfounit"/>
        <WindowIndex Value="0"/>
        <TopLine Value="47"/>
        <CursorPos X="47" Y="49"/>
        <UsageCount Value="219"/>
      </Unit70>
      <Unit71>
        <Filename Value="../../../../../lazarus/lcl/include/containedaction.inc"/>
        <EditorIndex Value="3"/>
        <WindowIndex Value="0"/>
        <TopLine Value="94"/>
        <CursorPos X="1" Y="104"/>
        <UsageCount Value="10"/>
        <Loaded Value="True"/>
      </Unit71>
    </Units>
    <JumpHistory Count="30" HistoryIndex="29">
      <Position1>
        <Filename Value="pwmlib2.pas"/>
        <Caret Line="246" Column="1" TopLine="234"/>
      </Position1>
      <Position2>
        <Filename Value="pwmlib2.pas"/>
        <Caret Line="248" Column="1" TopLine="234"/>
      </Position2>
      <Position3>
        <Filename Value="pwmlib2.pas"/>
        <Caret Line="251" Column="1" TopLine="235"/>
      </Position3>
      <Position4>
        <Filename Value="pwmlib2.pas"/>
        <Caret Line="255" Column="1" TopLine="246"/>
      </Position4>
      <Position5>
        <Filename Value="pwmlib2.pas"/>
        <Caret Line="261" Column="1" TopLine="246"/>
      </Position5>
      <Position6>
        <Filename Value="pwmlib2.pas"/>
        <Caret Line="263" Column="1" TopLine="247"/>
      </Position6>
      <Position7>
        <Filename Value="pwmlib2.pas"/>
        <Caret Line="264" Column="1" TopLine="248"/>
      </Position7>
      <Position8>
        <Filename Value="pwmlib2.pas"/>
        <Caret Line="265" Column="1" TopLine="249"/>
      </Position8>
      <Position9>
        <Filename Value="pwmlib2.pas"/>
        <Caret Line="266" Column="1" TopLine="250"/>
      </Position9>
      <Position10>
        <Filename Value="pwmlib2.pas"/>
        <Caret Line="268" Column="1" TopLine="252"/>
      </Position10>
      <Position11>
        <Filename Value="pwmlib2.pas"/>
        <Caret Line="270" Column="1" TopLine="254"/>
      </Position11>
      <Position12>
        <Filename Value="pwmlib2.pas"/>
        <Caret Line="271" Column="1" TopLine="255"/>
      </Position12>
      <Position13>
        <Filename Value="pwmlib2.pas"/>
        <Caret Line="274" Column="37" TopLine="260"/>
      </Position13>
      <Position14>
        <Filename Value="emconst.pas"/>
        <Caret Line="164" Column="30" TopLine="152"/>
      </Position14>
      <Position15>
        <Filename Value="pwmlib2.pas"/>
        <Caret Line="835" Column="1" TopLine="835"/>
      </Position15>
      <Position16>
        <Filename Value="pwmlib2.pas"/>
        <Caret Line="846" Column="1" TopLine="835"/>
      </Position16>
      <Position17>
        <Filename Value="webvar.pas"/>
        <Caret Line="33" Column="1" TopLine="23"/>
      </Position17>
      <Position18>
        <Filename Value="webvar.pas"/>
        <Caret Line="34" Column="1" TopLine="23"/>
      </Position18>
      <Position19>
        <Filename Value="webvar.pas"/>
        <Caret Line="39" Column="1" TopLine="23"/>
      </Position19>
      <Position20>
        <Filename Value="webvar.pas"/>
        <Caret Line="41" Column="1" TopLine="24"/>
      </Position20>
      <Position21>
        <Filename Value="webvar.pas"/>
        <Caret Line="39" Column="24" TopLine="25"/>
      </Position21>
      <Position22>
        <Filename Value="webvar.pas"/>
        <Caret Line="62" Column="1" TopLine="53"/>
      </Position22>
      <Position23>
        <Filename Value="pwmlib2.pas"/>
        <Caret Line="855" Column="1" TopLine="845"/>
      </Position23>
      <Position24>
        <Filename Value="pwmlib2.pas"/>
        <Caret Line="831" Column="4" TopLine="831"/>
      </Position24>
      <Position25>
        <Filename Value="pwmlib2.pas"/>
        <Caret Line="859" Column="1" TopLine="850"/>
      </Position25>
      <Position26>
        <Filename Value="pwmlib2.pas"/>
        <Caret Line="862" Column="1" TopLine="850"/>
      </Position26>
      <Position27>
        <Filename Value="dmunit.pas"/>
        <Caret Line="510" Column="1" TopLine="501"/>
      </Position27>
      <Position28>
        <Filename Value="dmunit.pas"/>
        <Caret Line="511" Column="1" TopLine="501"/>
      </Position28>
      <Position29>
        <Filename Value="dmunit.pas"/>
        <Caret Line="513" Column="1" TopLine="501"/>
      </Position29>
      <Position30>
        <Filename Value="../../../../../lazarus/lcl/include/containedaction.inc"/>
        <Caret Line="104" Column="1" TopLine="94"/>
      </Position30>
    </JumpHistory>
  </ProjectOptions>
  <CompilerOptions>
    <Version Value="11"/>
    <Target>
      <Filename Value="PocketWifiMonitor"/>
    </Target>
    <SearchPaths>
      <IncludeFiles Value="$(ProjOutDir)"/>
      <OtherUnitFiles Value="C:/lazarus/lcl/interfaces/win32/;C:/Develop/Synapse/source/lib/;../../../Dropbox/Develop.localized/Synapse/source/lib"/>
      <UnitOutputDirectory Value="lib/$(TargetCPU)-$(TargetOS)"/>
    </SearchPaths>
    <Parsing>
      <SyntaxOptions>
        <UseAnsiStrings Value="False"/>
      </SyntaxOptions>
    </Parsing>
    <CodeGeneration>
      <SmartLinkUnit Value="True"/>
      <Optimizations>
        <OptimizationLevel Value="2"/>
      </Optimizations>
    </CodeGeneration>
    <Linking>
      <Debugging>
        <UseLineInfoUnit Value="False"/>
        <StripSymbols Value="True"/>
      </Debugging>
      <LinkSmart Value="True"/>
      <Options>
        <Win32>
          <GraphicApplication Value="True"/>
        </Win32>
      </Options>
    </Linking>
    <Other>
      <Verbosity>
        <ShowExecInfo Value="True"/>
      </Verbosity>
      <CompilerMessages>
        <UseMsgFile Value="True"/>
      </CompilerMessages>
      <CompilerPath Value="$(CompPath)"/>
    </Other>
  </CompilerOptions>
  <Debugging>
    <BreakPoints Count="1">
      <Item1>
        <Kind Value="bpkSource"/>
        <WatchScope Value="wpsLocal"/>
        <WatchKind Value="wpkWrite"/>
        <Source Value="pwmlib2.pas"/>
        <Line Value="925"/>
      </Item1>
    </BreakPoints>
    <Exceptions Count="8">
      <Item1>
        <Name Value="EAbort"/>
      </Item1>
      <Item2>
        <Name Value="ECodetoolError"/>
      </Item2>
      <Item3>
        <Name Value="EFOpenError"/>
      </Item3>
      <Item4>
        <Name Value="EConvertError"/>
      </Item4>
      <Item5>
        <Name Value="EInvalidOperation"/>
      </Item5>
      <Item6>
        <Name Value="EProcess"/>
      </Item6>
      <Item7>
        <Name Value="EOverflow"/>
      </Item7>
      <Item8>
        <Name Value="EAccessViolation"/>
      </Item8>
    </Exceptions>
  </Debugging>
</CONFIG>
