<?xml version="1.0"?>
<CONFIG>
  <ProjectOptions>
    <Version Value="9"/>
    <General>
      <Flags>
        <MainUnitHasCreateFormStatements Value="False"/>
      </Flags>
      <MainUnit Value="0"/>
      <Title Value="Pocket WiFi Monitor"/>
      <UseXPManifest Value="True"/>
      <Icon Value="0"/>
      <ActiveWindowIndexAtStart Value="0"/>
    </General>
    <BuildModes Count="2" Active="Release">
      <Item1 Name="default" Default="True"/>
      <Item2 Name="Release">
        <CompilerOptions>
          <Version Value="11"/>
          <Target>
            <Filename Value="PocketWifiMonitor"/>
          </Target>
          <SearchPaths>
            <IncludeFiles Value="$(ProjOutDir)"/>
            <OtherUnitFiles Value="../Synapse/source/lib;C:/lazarus/lcl/interfaces/win32/"/>
            <UnitOutputDirectory Value="lib/$(TargetCPU)-$(TargetOS)"/>
          </SearchPaths>
          <Parsing>
            <SyntaxOptions>
              <UseAnsiStrings Value="False"/>
            </SyntaxOptions>
          </Parsing>
          <CodeGeneration>
            <SmartLinkUnit Value="True"/>
            <Optimizations>
              <OptimizationLevel Value="2"/>
            </Optimizations>
          </CodeGeneration>
          <Linking>
            <Debugging>
              <GenerateDebugInfo Value="False"/>
            </Debugging>
            <LinkSmart Value="True"/>
            <Options>
              <Win32>
                <GraphicApplication Value="True"/>
              </Win32>
            </Options>
          </Linking>
          <Other>
            <Verbosity>
              <ShowCond Value="True"/>
            </Verbosity>
            <CompilerMessages>
              <UseMsgFile Value="True"/>
            </CompilerMessages>
            <CustomOptions Value="{$DEFINE LANG_EN}"/>
            <CompilerPath Value="$(CompPath)"/>
          </Other>
        </CompilerOptions>
      </Item2>
    </BuildModes>
    <PublishOptions>
      <Version Value="2"/>
      <IncludeFileFilter Value="*.(pas|pp|inc|lfm|lpr|lrs|lpi|lpk|sh|xml)"/>
      <ExcludeFileFilter Value="*.(bak|ppu|o|so);*~;backup"/>
    </PublishOptions>
    <RunParams>
      <local>
        <FormatVersion Value="1"/>
        <LaunchingApplication PathPlusParams="/usr/X11R6/bin/xterm -T 'Lazarus Run Output' -e $(LazarusDir)/tools/runwait.sh $(TargetCmdLine)"/>
      </local>
    </RunParams>
    <RequiredPackages Count="3">
      <Item1>
        <PackageName Value="LCLBase"/>
        <MinVersion Major="1" Release="1" Valid="True"/>
      </Item1>
      <Item2>
        <PackageName Value="TAChartLazarusPkg"/>
        <MinVersion Major="1" Valid="True"/>
      </Item2>
      <Item3>
        <PackageName Value="LCL"/>
      </Item3>
    </RequiredPackages>
    <Units Count="73">
      <Unit0>
        <Filename Value="PocketWifiMonitor.lpr"/>
        <IsPartOfProject Value="True"/>
        <UnitName Value="PocketWifiMonitor"/>
        <EditorIndex Value="0"/>
        <WindowIndex Value="0"/>
        <TopLine Value="1"/>
        <CursorPos X="8" Y="23"/>
        <UsageCount Value="307"/>
        <Loaded Value="True"/>
      </Unit0>
      <Unit1>
        <Filename Value="frmmainunit.pas"/>
        <IsPartOfProject Value="True"/>
        <ComponentName Value="frmPocketWifiMon"/>
        <ResourceBaseClass Value="Form"/>
        <UnitName Value="FrmMainUnit"/>
        <EditorIndex Value="1"/>
        <WindowIndex Value="0"/>
        <TopLine Value="25"/>
        <CursorPos X="77" Y="25"/>
        <UsageCount Value="307"/>
        <Loaded Value="True"/>
      </Unit1>
      <Unit2>
        <Filename Value="pwmlib2.pas"/>
        <IsPartOfProject Value="True"/>
        <UnitName Value="PWMLib2"/>
        <EditorIndex Value="5"/>
        <WindowIndex Value="0"/>
        <TopLine Value="1"/>
        <CursorPos X="17" Y="1"/>
        <UsageCount Value="307"/>
        <Loaded Value="True"/>
      </Unit2>
      <Unit3>
        <Filename Value="../Synapse/source/lib/httpsend.pas"/>
        <UnitName Value="httpsend"/>
        <WindowIndex Value="0"/>
        <TopLine Value="729"/>
        <CursorPos X="1" Y="751"/>
        <UsageCount Value="305"/>
      </Unit3>
      <Unit4>
        <Filename Value="conn_Sample.txt"/>
        <IsPartOfProject Value="True"/>
        <WindowIndex Value="0"/>
        <TopLine Value="1"/>
        <CursorPos X="8" Y="1"/>
        <UsageCount Value="307"/>
        <DefaultSyntaxHighlighter Value="None"/>
      </Unit4>
      <Unit5>
        <Filename Value="emconst.pas"/>
        <IsPartOfProject Value="True"/>
        <UnitName Value="EMConst"/>
        <EditorIndex Value="7"/>
        <WindowIndex Value="0"/>
        <TopLine Value="1"/>
        <CursorPos X="5" Y="21"/>
        <UsageCount Value="307"/>
        <Loaded Value="True"/>
      </Unit5>
      <Unit6>
        <Filename Value="frmaboutunit.pas"/>
        <IsPartOfProject Value="True"/>
        <ComponentName Value="frmAbout"/>
        <ResourceBaseClass Value="Form"/>
        <UnitName Value="frmAboutUnit"/>
        <WindowIndex Value="0"/>
        <TopLine Value="28"/>
        <CursorPos X="25" Y="55"/>
        <UsageCount Value="306"/>
      </Unit6>
      <Unit7>
        <Filename Value="dmunit.pas"/>
        <IsPartOfProject Value="True"/>
        <ComponentName Value="DataModule1"/>
        <ResourceBaseClass Value="DataModule"/>
        <UnitName Value="dmUnit"/>
        <EditorIndex Value="11"/>
        <WindowIndex Value="0"/>
        <TopLine Value="267"/>
        <CursorPos X="9" Y="291"/>
        <UsageCount Value="302"/>
        <Loaded Value="True"/>
      </Unit7>
      <Unit8>
        <Filename Value="pwfmonglobals.pas"/>
        <IsPartOfProject Value="True"/>
        <UnitName Value="PWFMonGlobals"/>
        <IsVisibleTab Value="True"/>
        <EditorIndex Value="2"/>
        <WindowIndex Value="0"/>
        <TopLine Value="70"/>
        <CursorPos X="38" Y="94"/>
        <UsageCount Value="278"/>
        <Loaded Value="True"/>
      </Unit8>
      <Unit9>
        <Filename Value="gp01-indexf-tample.txt"/>
        <IsPartOfProject Value="True"/>
        <WindowIndex Value="0"/>
        <TopLine Value="32"/>
        <CursorPos X="1" Y="843"/>
        <UsageCount Value="275"/>
        <DefaultSyntaxHighlighter Value="None"/>
      </Unit9>
      <Unit10>
        <Filename Value="/lazarus/lcl/interfaces/win32/interfaces.pp"/>
        <IsPartOfProject Value="True"/>
        <UnitName Value="interfaces"/>
        <UsageCount Value="268"/>
      </Unit10>
      <Unit11>
        <Filename Value="status_cgi_sample.txt"/>
        <IsPartOfProject Value="True"/>
        <WindowIndex Value="0"/>
        <TopLine Value="1"/>
        <CursorPos X="6" Y="1"/>
        <UsageCount Value="258"/>
        <DefaultSyntaxHighlighter Value="None"/>
      </Unit11>
      <Unit12>
        <Filename Value="webvar.pas"/>
        <UnitName Value="WebVar"/>
        <EditorIndex Value="14"/>
        <WindowIndex Value="0"/>
        <TopLine Value="49"/>
        <CursorPos X="1" Y="62"/>
        <UsageCount Value="104"/>
        <Loaded Value="True"/>
      </Unit12>
      <Unit13>
        <Filename Value="bwchart_unit.pas"/>
        <IsPartOfProject Value="True"/>
        <ComponentName Value="FrmBWChart"/>
        <ResourceBaseClass Value="Form"/>
        <UnitName Value="bwchart_unit"/>
        <EditorIndex Value="10"/>
        <WindowIndex Value="0"/>
        <TopLine Value="25"/>
        <CursorPos X="32" Y="38"/>
        <UsageCount Value="216"/>
        <Loaded Value="True"/>
      </Unit13>
      <Unit14>
        <Filename Value="sigchart_unit.pas"/>
        <IsPartOfProject Value="True"/>
        <ComponentName Value="frmUTMSChart"/>
        <ResourceBaseClass Value="Form"/>
        <UnitName Value="sigchart_unit"/>
        <EditorIndex Value="8"/>
        <WindowIndex Value="0"/>
        <TopLine Value="51"/>
        <CursorPos X="35" Y="58"/>
        <UsageCount Value="207"/>
        <Loaded Value="True"/>
      </Unit14>
      <Unit15>
        <Filename Value="sigchart_unit.lfm"/>
        <EditorIndex Value="9"/>
        <WindowIndex Value="0"/>
        <TopLine Value="63"/>
        <CursorPos X="73" Y="63"/>
        <UsageCount Value="102"/>
        <Loaded Value="True"/>
        <DefaultSyntaxHighlighter Value="LFM"/>
      </Unit15>
      <Unit16>
        <Filename Value="gp02_api_monitoring.txt"/>
        <IsPartOfProject Value="True"/>
        <WindowIndex Value="0"/>
        <TopLine Value="1"/>
        <CursorPos X="70" Y="7"/>
        <UsageCount Value="444"/>
        <DefaultSyntaxHighlighter Value="None"/>
      </Unit16>
      <Unit17>
        <Filename Value="GP02_api_net__current_plmn.txt"/>
        <IsPartOfProject Value="True"/>
        <WindowIndex Value="0"/>
        <TopLine Value="1"/>
        <CursorPos X="6" Y="1"/>
        <UsageCount Value="443"/>
        <DefaultSyntaxHighlighter Value="None"/>
      </Unit17>
      <Unit18>
        <Filename Value="/Developer/lazarus/lcl/include/customform.inc"/>
        <WindowIndex Value="0"/>
        <TopLine Value="2115"/>
        <CursorPos X="55" Y="2118"/>
        <UsageCount Value="101"/>
      </Unit18>
      <Unit19>
        <Filename Value="/Developer/lazarus/lcl/interfaces/carbon/pascocoa/appkit/NSMenuItem.inc"/>
        <WindowIndex Value="0"/>
        <TopLine Value="535"/>
        <CursorPos X="1" Y="573"/>
        <UsageCount Value="107"/>
      </Unit19>
      <Unit20>
        <Filename Value="/Developer/lazarus/lcl/interfaces/carbon/carbontrayicon.inc"/>
        <WindowIndex Value="0"/>
        <TopLine Value="330"/>
        <CursorPos X="14" Y="410"/>
        <UsageCount Value="102"/>
      </Unit20>
      <Unit21>
        <Filename Value="/Developer/lazarus/lcl/actnlist.pas"/>
        <UnitName Value="ActnList"/>
        <WindowIndex Value="0"/>
        <TopLine Value="189"/>
        <CursorPos X="14" Y="203"/>
        <UsageCount Value="101"/>
      </Unit21>
      <Unit22>
        <Filename Value="frmprefsunit.pas"/>
        <IsPartOfProject Value="True"/>
        <ComponentName Value="frmPreferences"/>
        <ResourceBaseClass Value="Form"/>
        <UnitName Value="frmPrefsUnit"/>
        <EditorIndex Value="13"/>
        <WindowIndex Value="0"/>
        <TopLine Value="34"/>
        <CursorPos X="42" Y="53"/>
        <UsageCount Value="339"/>
        <Loaded Value="True"/>
      </Unit22>
      <Unit23>
        <Filename Value="Synapse/httpsend.pas"/>
        <UnitName Value="httpsend"/>
        <WindowIndex Value="0"/>
        <TopLine Value="1"/>
        <CursorPos X="1" Y="1"/>
        <UsageCount Value="155"/>
      </Unit23>
      <Unit24>
        <Filename Value="../../Dropbox/Develop.localized/Synapse/source/lib/httpsend.pas"/>
        <UnitName Value="httpsend"/>
        <WindowIndex Value="0"/>
        <TopLine Value="220"/>
        <CursorPos X="97" Y="226"/>
        <UsageCount Value="34"/>
      </Unit24>
      <Unit25>
        <Filename Value="Sample HTML/gp02r2_api_monitoring.txt"/>
        <IsPartOfProject Value="True"/>
        <WindowIndex Value="0"/>
        <TopLine Value="1"/>
        <CursorPos X="27" Y="2"/>
        <UsageCount Value="38"/>
        <DefaultSyntaxHighlighter Value="None"/>
      </Unit25>
      <Unit26>
        <Filename Value="frmaboutunit.lfm"/>
        <ComponentName Value="frmAbout"/>
        <HasResources Value="True"/>
        <ResourceBaseClass Value="Form"/>
        <EditorIndex Value="4"/>
        <WindowIndex Value="0"/>
        <TopLine Value="1"/>
        <CursorPos X="1" Y="1"/>
        <UsageCount Value="19"/>
        <Loaded Value="True"/>
        <DefaultSyntaxHighlighter Value="LFM"/>
      </Unit26>
      <Unit27>
        <Filename Value="Sample HTML/GP02_api_wlan_hostlist.txt"/>
        <IsPartOfProject Value="True"/>
        <EditorIndex Value="12"/>
        <WindowIndex Value="0"/>
        <TopLine Value="1"/>
        <CursorPos X="54" Y="12"/>
        <UsageCount Value="37"/>
        <Loaded Value="True"/>
        <DefaultSyntaxHighlighter Value="None"/>
      </Unit27>
      <Unit28>
        <Filename Value="frmmainunit.lfm"/>
        <HasResources Value="True"/>
        <ResourceBaseClass Value="Form"/>
        <EditorIndex Value="3"/>
        <WindowIndex Value="0"/>
        <TopLine Value="1"/>
        <CursorPos X="1" Y="1"/>
        <UsageCount Value="18"/>
        <Loaded Value="True"/>
        <DefaultSyntaxHighlighter Value="LFM"/>
      </Unit28>
      <Unit29>
        <Filename Value="D:/Dropbox/Develop.localized/Synapse/source/lib/asn1util.pas"/>
        <IsPartOfProject Value="True"/>
        <UnitName Value="asn1util"/>
        <UsageCount Value="33"/>
      </Unit29>
      <Unit30>
        <Filename Value="D:/Dropbox/Develop.localized/Synapse/source/lib/blcksock.pas"/>
        <IsPartOfProject Value="True"/>
        <UnitName Value="blcksock"/>
        <UsageCount Value="33"/>
      </Unit30>
      <Unit31>
        <Filename Value="D:/Dropbox/Develop.localized/Synapse/source/lib/clamsend.pas"/>
        <IsPartOfProject Value="True"/>
        <UnitName Value="clamsend"/>
        <UsageCount Value="33"/>
      </Unit31>
      <Unit32>
        <Filename Value="D:/Dropbox/Develop.localized/Synapse/source/lib/dnssend.pas"/>
        <IsPartOfProject Value="True"/>
        <UnitName Value="dnssend"/>
        <UsageCount Value="33"/>
      </Unit32>
      <Unit33>
        <Filename Value="D:/Dropbox/Develop.localized/Synapse/source/lib/ftpsend.pas"/>
        <IsPartOfProject Value="True"/>
        <UnitName Value="ftpsend"/>
        <UsageCount Value="33"/>
      </Unit33>
      <Unit34>
        <Filename Value="D:/Dropbox/Develop.localized/Synapse/source/lib/ftptsend.pas"/>
        <IsPartOfProject Value="True"/>
        <UnitName Value="ftptsend"/>
        <UsageCount Value="33"/>
      </Unit34>
      <Unit35>
        <Filename Value="D:/Dropbox/Develop.localized/Synapse/source/lib/httpsend.pas"/>
        <IsPartOfProject Value="True"/>
        <UnitName Value="httpsend"/>
        <UsageCount Value="33"/>
      </Unit35>
      <Unit36>
        <Filename Value="D:/Dropbox/Develop.localized/Synapse/source/lib/imapsend.pas"/>
        <IsPartOfProject Value="True"/>
        <UnitName Value="imapsend"/>
        <UsageCount Value="33"/>
      </Unit36>
      <Unit37>
        <Filename Value="D:/Dropbox/Develop.localized/Synapse/source/lib/ldapsend.pas"/>
        <IsPartOfProject Value="True"/>
        <UnitName Value="ldapsend"/>
        <UsageCount Value="33"/>
      </Unit37>
      <Unit38>
        <Filename Value="D:/Dropbox/Develop.localized/Synapse/source/lib/mimeinln.pas"/>
        <IsPartOfProject Value="True"/>
        <UnitName Value="mimeinln"/>
        <UsageCount Value="33"/>
      </Unit38>
      <Unit39>
        <Filename Value="D:/Dropbox/Develop.localized/Synapse/source/lib/mimemess.pas"/>
        <IsPartOfProject Value="True"/>
        <UnitName Value="mimemess"/>
        <UsageCount Value="33"/>
      </Unit39>
      <Unit40>
        <Filename Value="D:/Dropbox/Develop.localized/Synapse/source/lib/mimepart.pas"/>
        <IsPartOfProject Value="True"/>
        <UnitName Value="mimepart"/>
        <UsageCount Value="33"/>
      </Unit40>
      <Unit41>
        <Filename Value="D:/Dropbox/Develop.localized/Synapse/source/lib/nntpsend.pas"/>
        <IsPartOfProject Value="True"/>
        <UnitName Value="nntpsend"/>
        <UsageCount Value="33"/>
      </Unit41>
      <Unit42>
        <Filename Value="D:/Dropbox/Develop.localized/Synapse/source/lib/pingsend.pas"/>
        <IsPartOfProject Value="True"/>
        <UnitName Value="pingsend"/>
        <UsageCount Value="33"/>
      </Unit42>
      <Unit43>
        <Filename Value="D:/Dropbox/Develop.localized/Synapse/source/lib/pop3send.pas"/>
        <IsPartOfProject Value="True"/>
        <UnitName Value="pop3send"/>
        <UsageCount Value="33"/>
      </Unit43>
      <Unit44>
        <Filename Value="D:/Dropbox/Develop.localized/Synapse/source/lib/slogsend.pas"/>
        <IsPartOfProject Value="True"/>
        <UnitName Value="slogsend"/>
        <UsageCount Value="33"/>
      </Unit44>
      <Unit45>
        <Filename Value="D:/Dropbox/Develop.localized/Synapse/source/lib/smtpsend.pas"/>
        <IsPartOfProject Value="True"/>
        <UnitName Value="smtpsend"/>
        <UsageCount Value="33"/>
      </Unit45>
      <Unit46>
        <Filename Value="D:/Dropbox/Develop.localized/Synapse/source/lib/snmpsend.pas"/>
        <IsPartOfProject Value="True"/>
        <UnitName Value="snmpsend"/>
        <UsageCount Value="33"/>
      </Unit46>
      <Unit47>
        <Filename Value="D:/Dropbox/Develop.localized/Synapse/source/lib/sntpsend.pas"/>
        <IsPartOfProject Value="True"/>
        <UnitName Value="sntpsend"/>
        <UsageCount Value="33"/>
      </Unit47>
      <Unit48>
        <Filename Value="D:/Dropbox/Develop.localized/Synapse/source/lib/ssdotnet.pas"/>
        <UnitName Value="ssdotnet"/>
        <WindowIndex Value="0"/>
        <TopLine Value="1"/>
        <CursorPos X="60" Y="5"/>
        <UsageCount Value="19"/>
      </Unit48>
      <Unit49>
        <Filename Value="D:/Dropbox/Develop.localized/Synapse/source/lib/ssfpc.pas"/>
        <UnitName Value="ssfpc"/>
        <WindowIndex Value="0"/>
        <TopLine Value="59"/>
        <CursorPos X="1" Y="71"/>
        <UsageCount Value="19"/>
      </Unit49>
      <Unit50>
        <Filename Value="D:/Dropbox/Develop.localized/Synapse/source/lib/sslinux.pas"/>
        <UnitName Value="sslinux"/>
        <WindowIndex Value="0"/>
        <TopLine Value="1289"/>
        <CursorPos X="1" Y="1313"/>
        <UsageCount Value="19"/>
      </Unit50>
      <Unit51>
        <Filename Value="D:/Dropbox/Develop.localized/Synapse/source/lib/ssl_cryptlib.pas"/>
        <UnitName Value="ssl_cryptlib"/>
        <WindowIndex Value="0"/>
        <TopLine Value="77"/>
        <CursorPos X="35" Y="86"/>
        <UsageCount Value="19"/>
      </Unit51>
      <Unit52>
        <Filename Value="D:/Dropbox/Develop.localized/Synapse/source/lib/ssl_openssl.pas"/>
        <UnitName Value="ssl_openssl"/>
        <UsageCount Value="19"/>
      </Unit52>
      <Unit53>
        <Filename Value="D:/Dropbox/Develop.localized/Synapse/source/lib/ssl_openssl_lib.pas"/>
        <UnitName Value="ssl_openssl_lib"/>
        <UsageCount Value="19"/>
      </Unit53>
      <Unit54>
        <Filename Value="D:/Dropbox/Develop.localized/Synapse/source/lib/ssl_sbb.pas"/>
        <UnitName Value="ssl_sbb"/>
        <WindowIndex Value="0"/>
        <TopLine Value="56"/>
        <CursorPos X="35" Y="64"/>
        <UsageCount Value="19"/>
      </Unit54>
      <Unit55>
        <Filename Value="D:/Dropbox/Develop.localized/Synapse/source/lib/ssl_streamsec.pas"/>
        <UnitName Value="ssl_streamsec"/>
        <UsageCount Value="19"/>
      </Unit55>
      <Unit56>
        <Filename Value="D:/Dropbox/Develop.localized/Synapse/source/lib/sswin32.pas"/>
        <UnitName Value="sswin32"/>
        <WindowIndex Value="0"/>
        <TopLine Value="229"/>
        <CursorPos X="1" Y="242"/>
        <UsageCount Value="19"/>
      </Unit56>
      <Unit57>
        <Filename Value="D:/Dropbox/Develop.localized/Synapse/source/lib/synachar.pas"/>
        <IsPartOfProject Value="True"/>
        <UnitName Value="synachar"/>
        <UsageCount Value="33"/>
      </Unit57>
      <Unit58>
        <Filename Value="D:/Dropbox/Develop.localized/Synapse/source/lib/synacode.pas"/>
        <IsPartOfProject Value="True"/>
        <UnitName Value="synacode"/>
        <UsageCount Value="33"/>
      </Unit58>
      <Unit59>
        <Filename Value="D:/Dropbox/Develop.localized/Synapse/source/lib/synacrypt.pas"/>
        <IsPartOfProject Value="True"/>
        <UnitName Value="synacrypt"/>
        <UsageCount Value="33"/>
      </Unit59>
      <Unit60>
        <Filename Value="D:/Dropbox/Develop.localized/Synapse/source/lib/synadbg.pas"/>
        <IsPartOfProject Value="True"/>
        <UnitName Value="synadbg"/>
        <UsageCount Value="33"/>
      </Unit60>
      <Unit61>
        <Filename Value="D:/Dropbox/Develop.localized/Synapse/source/lib/synafpc.pas"/>
        <IsPartOfProject Value="True"/>
        <UnitName Value="synafpc"/>
        <UsageCount Value="33"/>
      </Unit61>
      <Unit62>
        <Filename Value="D:/Dropbox/Develop.localized/Synapse/source/lib/synaicnv.pas"/>
        <IsPartOfProject Value="True"/>
        <UnitName Value="synaicnv"/>
        <UsageCount Value="33"/>
      </Unit62>
      <Unit63>
        <Filename Value="D:/Dropbox/Develop.localized/Synapse/source/lib/synaip.pas"/>
        <IsPartOfProject Value="True"/>
        <UnitName Value="synaip"/>
        <UsageCount Value="33"/>
      </Unit63>
      <Unit64>
        <Filename Value="D:/Dropbox/Develop.localized/Synapse/source/lib/synamisc.pas"/>
        <IsPartOfProject Value="True"/>
        <UnitName Value="synamisc"/>
        <UsageCount Value="33"/>
      </Unit64>
      <Unit65>
        <Filename Value="D:/Dropbox/Develop.localized/Synapse/source/lib/synaser.pas"/>
        <IsPartOfProject Value="True"/>
        <UnitName Value="synaser"/>
        <UsageCount Value="33"/>
      </Unit65>
      <Unit66>
        <Filename Value="D:/Dropbox/Develop.localized/Synapse/source/lib/synautil.pas"/>
        <IsPartOfProject Value="True"/>
        <UnitName Value="synautil"/>
        <UsageCount Value="33"/>
      </Unit66>
      <Unit67>
        <Filename Value="D:/Dropbox/Develop.localized/Synapse/source/lib/synsock.pas"/>
        <IsPartOfProject Value="True"/>
        <UnitName Value="synsock"/>
        <UsageCount Value="33"/>
      </Unit67>
      <Unit68>
        <Filename Value="D:/Dropbox/Develop.localized/Synapse/source/lib/tlntsend.pas"/>
        <IsPartOfProject Value="True"/>
        <UnitName Value="tlntsend"/>
        <UsageCount Value="33"/>
      </Unit68>
      <Unit69>
        <Filename Value="C:/lazarus2012/lcl/customtimer.pas"/>
        <UnitName Value="CustomTimer"/>
        <WindowIndex Value="0"/>
        <TopLine Value="145"/>
        <CursorPos X="1" Y="157"/>
        <UsageCount Value="10"/>
      </Unit69>
      <Unit70>
        <Filename Value="C:/lazarus2012/lcl/interfaces/win32/win32callback.inc"/>
        <WindowIndex Value="0"/>
        <TopLine Value="2647"/>
        <CursorPos X="1" Y="2659"/>
        <UsageCount Value="10"/>
      </Unit70>
      <Unit71>
        <Filename Value="C:/lazarus2012/lcl/interfaces/win32/win32object.inc"/>
        <WindowIndex Value="0"/>
        <TopLine Value="346"/>
        <CursorPos X="1" Y="358"/>
        <UsageCount Value="10"/>
      </Unit71>
      <Unit72>
        <Filename Value="Sample HTML/GP01_api_device_information.txt"/>
        <IsPartOfProject Value="True"/>
        <EditorIndex Value="6"/>
        <WindowIndex Value="0"/>
        <TopLine Value="1"/>
        <CursorPos X="26" Y="4"/>
        <UsageCount Value="24"/>
        <Loaded Value="True"/>
        <DefaultSyntaxHighlighter Value="None"/>
      </Unit72>
    </Units>
    <JumpHistory Count="30" HistoryIndex="29">
      <Position1>
        <Filename Value="webvar.pas"/>
        <Caret Line="47" Column="1" TopLine="27"/>
      </Position1>
      <Position2>
        <Filename Value="webvar.pas"/>
        <Caret Line="48" Column="1" TopLine="28"/>
      </Position2>
      <Position3>
        <Filename Value="webvar.pas"/>
        <Caret Line="50" Column="1" TopLine="30"/>
      </Position3>
      <Position4>
        <Filename Value="webvar.pas"/>
        <Caret Line="51" Column="1" TopLine="31"/>
      </Position4>
      <Position5>
        <Filename Value="webvar.pas"/>
        <Caret Line="54" Column="1" TopLine="34"/>
      </Position5>
      <Position6>
        <Filename Value="webvar.pas"/>
        <Caret Line="55" Column="1" TopLine="35"/>
      </Position6>
      <Position7>
        <Filename Value="webvar.pas"/>
        <Caret Line="61" Column="1" TopLine="49"/>
      </Position7>
      <Position8>
        <Filename Value="webvar.pas"/>
        <Caret Line="62" Column="1" TopLine="49"/>
      </Position8>
      <Position9>
        <Filename Value="pwmlib2.pas"/>
        <Caret Line="154" Column="1" TopLine="142"/>
      </Position9>
      <Position10>
        <Filename Value="pwmlib2.pas"/>
        <Caret Line="155" Column="1" TopLine="142"/>
      </Position10>
      <Position11>
        <Filename Value="pwmlib2.pas"/>
        <Caret Line="159" Column="1" TopLine="142"/>
      </Position11>
      <Position12>
        <Filename Value="pwmlib2.pas"/>
        <Caret Line="609" Column="1" TopLine="597"/>
      </Position12>
      <Position13>
        <Filename Value="pwmlib2.pas"/>
        <Caret Line="154" Column="1" TopLine="142"/>
      </Position13>
      <Position14>
        <Filename Value="pwmlib2.pas"/>
        <Caret Line="609" Column="1" TopLine="597"/>
      </Position14>
      <Position15>
        <Filename Value="pwmlib2.pas"/>
        <Caret Line="621" Column="1" TopLine="601"/>
      </Position15>
      <Position16>
        <Filename Value="pwmlib2.pas"/>
        <Caret Line="994" Column="1" TopLine="982"/>
      </Position16>
      <Position17>
        <Filename Value="pwmlib2.pas"/>
        <Caret Line="154" Column="1" TopLine="142"/>
      </Position17>
      <Position18>
        <Filename Value="pwmlib2.pas"/>
        <Caret Line="170" Column="1" TopLine="158"/>
      </Position18>
      <Position19>
        <Filename Value="pwmlib2.pas"/>
        <Caret Line="154" Column="1" TopLine="142"/>
      </Position19>
      <Position20>
        <Filename Value="pwmlib2.pas"/>
        <Caret Line="170" Column="1" TopLine="158"/>
      </Position20>
      <Position21>
        <Filename Value="pwmlib2.pas"/>
        <Caret Line="154" Column="1" TopLine="142"/>
      </Position21>
      <Position22>
        <Filename Value="pwmlib2.pas"/>
        <Caret Line="170" Column="1" TopLine="158"/>
      </Position22>
      <Position23>
        <Filename Value="pwmlib2.pas"/>
        <Caret Line="96" Column="38" TopLine="76"/>
      </Position23>
      <Position24>
        <Filename Value="pwmlib2.pas"/>
        <Caret Line="97" Column="40" TopLine="77"/>
      </Position24>
      <Position25>
        <Filename Value="pwmlib2.pas"/>
        <Caret Line="98" Column="38" TopLine="78"/>
      </Position25>
      <Position26>
        <Filename Value="pwmlib2.pas"/>
        <Caret Line="220" Column="41" TopLine="196"/>
      </Position26>
      <Position27>
        <Filename Value="dmunit.pas"/>
        <Caret Line="5" Column="54" TopLine="1"/>
      </Position27>
      <Position28>
        <Filename Value="dmunit.pas"/>
        <Caret Line="6" Column="62" TopLine="1"/>
      </Position28>
      <Position29>
        <Filename Value="dmunit.pas"/>
        <Caret Line="291" Column="9" TopLine="267"/>
      </Position29>
      <Position30>
        <Filename Value="pwfmonglobals.pas"/>
        <Caret Line="24" Column="4" TopLine="1"/>
      </Position30>
    </JumpHistory>
  </ProjectOptions>
  <CompilerOptions>
    <Version Value="11"/>
    <Target>
      <Filename Value="PocketWifiMonitor"/>
    </Target>
    <SearchPaths>
      <IncludeFiles Value="$(ProjOutDir)"/>
      <OtherUnitFiles Value="C:/lazarus/lcl/interfaces/win32/;D:/Dropbox/Develop.localized/Synapse/source/lib/"/>
      <UnitOutputDirectory Value="lib/$(TargetCPU)-$(TargetOS)"/>
    </SearchPaths>
    <Parsing>
      <SyntaxOptions>
        <UseAnsiStrings Value="False"/>
      </SyntaxOptions>
    </Parsing>
    <CodeGeneration>
      <SmartLinkUnit Value="True"/>
      <Optimizations>
        <OptimizationLevel Value="2"/>
      </Optimizations>
    </CodeGeneration>
    <Linking>
      <Debugging>
        <UseLineInfoUnit Value="False"/>
        <StripSymbols Value="True"/>
      </Debugging>
      <LinkSmart Value="True"/>
      <Options>
        <Win32>
          <GraphicApplication Value="True"/>
        </Win32>
      </Options>
    </Linking>
    <Other>
      <Verbosity>
        <ShowExecInfo Value="True"/>
      </Verbosity>
      <CompilerMessages>
        <UseMsgFile Value="True"/>
      </CompilerMessages>
      <CompilerPath Value="$(CompPath)"/>
    </Other>
  </CompilerOptions>
  <Debugging>
    <Exceptions Count="6">
      <Item1>
        <Name Value="EAbort"/>
      </Item1>
      <Item2>
        <Name Value="ECodetoolError"/>
      </Item2>
      <Item3>
        <Name Value="EFOpenError"/>
      </Item3>
      <Item4>
        <Name Value="EConvertError"/>
      </Item4>
      <Item5>
        <Name Value="EInvalidOperation"/>
      </Item5>
      <Item6>
        <Name Value="EProcess"/>
      </Item6>
    </Exceptions>
  </Debugging>
</CONFIG>
